// !$*UTF8*$!
{
	archiveVersion = 1;
	classes = {
	};
	objectVersion = 56;
	objects = {

/* Begin PBXBuildFile section */
		50E72F102ADE8CD90041CB79 /* NamaAppApp.swift in Sources */ = {isa = PBXBuildFile; fileRef = 50E72F0F2ADE8CD90041CB79 /* NamaAppApp.swift */; };
		50E72F122ADE8CD90041CB79 /* ContentView.swift in Sources */ = {isa = PBXBuildFile; fileRef = 50E72F112ADE8CD90041CB79 /* ContentView.swift */; };
		50E72F142ADE8CDA0041CB79 /* Assets.xcassets in Resources */ = {isa = PBXBuildFile; fileRef = 50E72F132ADE8CDA0041CB79 /* Assets.xcassets */; };
		50E72F172ADE8CDA0041CB79 /* Preview Assets.xcassets in Resources */ = {isa = PBXBuildFile; fileRef = 50E72F162ADE8CDA0041CB79 /* Preview Assets.xcassets */; };
		50E72F1E2ADE8D030041CB79 /* splashscreen.swift in Sources */ = {isa = PBXBuildFile; fileRef = 50E72F1D2ADE8D020041CB79 /* splashscreen.swift */; };
		50E72F202ADE8E0E0041CB79 /* Calculator.swift in Sources */ = {isa = PBXBuildFile; fileRef = 50E72F1F2ADE8E0E0041CB79 /* Calculator.swift */; };
		50E72F222ADE8E6A0041CB79 /* tabItem.swift in Sources */ = {isa = PBXBuildFile; fileRef = 50E72F212ADE8E6A0041CB79 /* tabItem.swift */; };
		50E72F242ADE8E840041CB79 /* Recommendation.swift in Sources */ = {isa = PBXBuildFile; fileRef = 50E72F232ADE8E840041CB79 /* Recommendation.swift */; };
		50E72F262ADE8E970041CB79 /* Discover.swift in Sources */ = {isa = PBXBuildFile; fileRef = 50E72F252ADE8E970041CB79 /* Discover.swift */; };
/* End PBXBuildFile section */

/* Begin PBXFileReference section */
		50E72F0C2ADE8CD90041CB79 /* NamaApp.app */ = {isa = PBXFileReference; explicitFileType = wrapper.application; includeInIndex = 0; path = NamaApp.app; sourceTree = BUILT_PRODUCTS_DIR; };
		50E72F0F2ADE8CD90041CB79 /* NamaAppApp.swift */ = {isa = PBXFileReference; lastKnownFileType = sourcecode.swift; path = NamaAppApp.swift; sourceTree = "<group>"; };
		50E72F112ADE8CD90041CB79 /* ContentView.swift */ = {isa = PBXFileReference; lastKnownFileType = sourcecode.swift; path = ContentView.swift; sourceTree = "<group>"; };
		50E72F132ADE8CDA0041CB79 /* Assets.xcassets */ = {isa = PBXFileReference; lastKnownFileType = folder.assetcatalog; path = Assets.xcassets; sourceTree = "<group>"; };
		50E72F162ADE8CDA0041CB79 /* Preview Assets.xcassets */ = {isa = PBXFileReference; lastKnownFileType = folder.assetcatalog; path = "Preview Assets.xcassets"; sourceTree = "<group>"; };
		50E72F1D2ADE8D020041CB79 /* splashscreen.swift */ = {isa = PBXFileReference; lastKnownFileType = sourcecode.swift; path = splashscreen.swift; sourceTree = "<group>"; };
		50E72F1F2ADE8E0E0041CB79 /* Calculator.swift */ = {isa = PBXFileReference; lastKnownFileType = sourcecode.swift; path = Calculator.swift; sourceTree = "<group>"; };
		50E72F212ADE8E6A0041CB79 /* tabItem.swift */ = {isa = PBXFileReference; lastKnownFileType = sourcecode.swift; path = tabItem.swift; sourceTree = "<group>"; };
		50E72F232ADE8E840041CB79 /* Recommendation.swift */ = {isa = PBXFileReference; lastKnownFileType = sourcecode.swift; path = Recommendation.swift; sourceTree = "<group>"; };
		50E72F252ADE8E970041CB79 /* Discover.swift */ = {isa = PBXFileReference; lastKnownFileType = sourcecode.swift; path = Discover.swift; sourceTree = "<group>"; };
/* End PBXFileReference section */

/* Begin PBXFrameworksBuildPhase section */
		50E72F092ADE8CD90041CB79 /* Frameworks */ = {
			isa = PBXFrameworksBuildPhase;
			buildActionMask = 2147483647;
			files = (
			);
			runOnlyForDeploymentPostprocessing = 0;
		};
/* End PBXFrameworksBuildPhase section */

/* Begin PBXGroup section */
		50E72F032ADE8CD90041CB79 = {
			isa = PBXGroup;
			children = (
				50E72F0E2ADE8CD90041CB79 /* NamaApp */,
				50E72F0D2ADE8CD90041CB79 /* Products */,
			);
			sourceTree = "<group>";
		};
		50E72F0D2ADE8CD90041CB79 /* Products */ = {
			isa = PBXGroup;
			children = (
				50E72F0C2ADE8CD90041CB79 /* NamaApp.app */,
			);
			name = Products;
			sourceTree = "<group>";
		};
		50E72F0E2ADE8CD90041CB79 /* NamaApp */ = {
			isa = PBXGroup;
			children = (
				50E72F0F2ADE8CD90041CB79 /* NamaAppApp.swift */,
				50E72F112ADE8CD90041CB79 /* ContentView.swift */,
				50E72F1D2ADE8D020041CB79 /* splashscreen.swift */,
				50E72F1F2ADE8E0E0041CB79 /* Calculator.swift */,
				50E72F232ADE8E840041CB79 /* Recommendation.swift */,
				50E72F252ADE8E970041CB79 /* Discover.swift */,
				50E72F212ADE8E6A0041CB79 /* tabItem.swift */,
				50E72F132ADE8CDA0041CB79 /* Assets.xcassets */,
				50E72F152ADE8CDA0041CB79 /* Preview Content */,
			);
			path = NamaApp;
			sourceTree = "<group>";
		};
		50E72F152ADE8CDA0041CB79 /* Preview Content */ = {
			isa = PBXGroup;
			children = (
				50E72F162ADE8CDA0041CB79 /* Preview Assets.xcassets */,
			);
			path = "Preview Content";
			sourceTree = "<group>";
		};
/* End PBXGroup section */

/* Begin PBXNativeTarget section */
		50E72F0B2ADE8CD90041CB79 /* NamaApp */ = {
			isa = PBXNativeTarget;
			buildConfigurationList = 50E72F1A2ADE8CDA0041CB79 /* Build configuration list for PBXNativeTarget "NamaApp" */;
			buildPhases = (
				50E72F082ADE8CD90041CB79 /* Sources */,
				50E72F092ADE8CD90041CB79 /* Frameworks */,
				50E72F0A2ADE8CD90041CB79 /* Resources */,
			);
			buildRules = (
			);
			dependencies = (
			);
			name = NamaApp;
			productName = NamaApp;
			productReference = 50E72F0C2ADE8CD90041CB79 /* NamaApp.app */;
			productType = "com.apple.product-type.application";
		};
/* End PBXNativeTarget section */

/* Begin PBXProject section */
		50E72F042ADE8CD90041CB79 /* Project object */ = {
			isa = PBXProject;
			attributes = {
				BuildIndependentTargetsInParallel = 1;
				LastSwiftUpdateCheck = 1500;
				LastUpgradeCheck = 1500;
				TargetAttributes = {
					50E72F0B2ADE8CD90041CB79 = {
						CreatedOnToolsVersion = 15.0;
					};
				};
			};
			buildConfigurationList = 50E72F072ADE8CD90041CB79 /* Build configuration list for PBXProject "NamaApp" */;
			compatibilityVersion = "Xcode 14.0";
			developmentRegion = en;
			hasScannedForEncodings = 0;
			knownRegions = (
				en,
				Base,
			);
			mainGroup = 50E72F032ADE8CD90041CB79;
			productRefGroup = 50E72F0D2ADE8CD90041CB79 /* Products */;
			projectDirPath = "";
			projectRoot = "";
			targets = (
				50E72F0B2ADE8CD90041CB79 /* NamaApp */,
			);
		};
/* End PBXProject section */

/* Begin PBXResourcesBuildPhase section */
		50E72F0A2ADE8CD90041CB79 /* Resources */ = {
			isa = PBXResourcesBuildPhase;
			buildActionMask = 2147483647;
			files = (
				50E72F172ADE8CDA0041CB79 /* Preview Assets.xcassets in Resources */,
				50E72F142ADE8CDA0041CB79 /* Assets.xcassets in Resources */,
			);
			runOnlyForDeploymentPostprocessing = 0;
		};
/* End PBXResourcesBuildPhase section */

/* Begin PBXSourcesBuildPhase section */
		50E72F082ADE8CD90041CB79 /* Sources */ = {
			isa = PBXSourcesBuildPhase;
			buildActionMask = 2147483647;
			files = (
				50E72F242ADE8E840041CB79 /* Recommendation.swift in Sources */,
				50E72F222ADE8E6A0041CB79 /* tabItem.swift in Sources */,
				50E72F122ADE8CD90041CB79 /* ContentView.swift in Sources */,
				50E72F202ADE8E0E0041CB79 /* Calculator.swift in Sources */,
				50E72F102ADE8CD90041CB79 /* NamaAppApp.swift in Sources */,
				50E72F1E2ADE8D030041CB79 /* splashscreen.swift in Sources */,
				50E72F262ADE8E970041CB79 /* Discover.swift in Sources */,
			);
			runOnlyForDeploymentPostprocessing = 0;
		};
/* End PBXSourcesBuildPhase section */

/* Begin XCBuildConfiguration section */
		50E72F182ADE8CDA0041CB79 /* Debug */ = {
			isa = XCBuildConfiguration;
			buildSettings = {
				ALWAYS_SEARCH_USER_PATHS = NO;
				ASSETCATALOG_COMPILER_GENERATE_SWIFT_ASSET_SYMBOL_EXTENSIONS = YES;
				CLANG_ANALYZER_NONNULL = YES;
				CLANG_ANALYZER_NUMBER_OBJECT_CONVERSION = YES_AGGRESSIVE;
				CLANG_CXX_LANGUAGE_STANDARD = "gnu++20";
				CLANG_ENABLE_MODULES = YES;
				CLANG_ENABLE_OBJC_ARC = YES;
				CLANG_ENABLE_OBJC_WEAK = YES;
				CLANG_WARN_BLOCK_CAPTURE_AUTORELEASING = YES;
				CLANG_WARN_BOOL_CONVERSION = YES;
				CLANG_WARN_COMMA = YES;
				CLANG_WARN_CONSTANT_CONVERSION = YES;
				CLANG_WARN_DEPRECATED_OBJC_IMPLEMENTATIONS = YES;
				CLANG_WARN_DIRECT_OBJC_ISA_USAGE = YES_ERROR;
				CLANG_WARN_DOCUMENTATION_COMMENTS = YES;
				CLANG_WARN_EMPTY_BODY = YES;
				CLANG_WARN_ENUM_CONVERSION = YES;
				CLANG_WARN_INFINITE_RECURSION = YES;
				CLANG_WARN_INT_CONVERSION = YES;
				CLANG_WARN_NON_LITERAL_NULL_CONVERSION = YES;
				CLANG_WARN_OBJC_IMPLICIT_RETAIN_SELF = YES;
				CLANG_WARN_OBJC_LITERAL_CONVERSION = YES;
				CLANG_WARN_OBJC_ROOT_CLASS = YES_ERROR;
				CLANG_WARN_QUOTED_INCLUDE_IN_FRAMEWORK_HEADER = YES;
				CLANG_WARN_RANGE_LOOP_ANALYSIS = YES;
				CLANG_WARN_STRICT_PROTOTYPES = YES;
				CLANG_WARN_SUSPICIOUS_MOVE = YES;
				CLANG_WARN_UNGUARDED_AVAILABILITY = YES_AGGRESSIVE;
				CLANG_WARN_UNREACHABLE_CODE = YES;
				CLANG_WARN__DUPLICATE_METHOD_MATCH = YES;
				COPY_PHASE_STRIP = NO;
				DEBUG_INFORMATION_FORMAT = dwarf;
				ENABLE_STRICT_OBJC_MSGSEND = YES;
				ENABLE_TESTABILITY = YES;
				ENABLE_USER_SCRIPT_SANDBOXING = YES;
				GCC_C_LANGUAGE_STANDARD = gnu17;
				GCC_DYNAMIC_NO_PIC = NO;
				GCC_NO_COMMON_BLOCKS = YES;
				GCC_OPTIMIZATION_LEVEL = 0;
				GCC_PREPROCESSOR_DEFINITIONS = (
					"DEBUG=1",
					"$(inherited)",
				);
				GCC_WARN_64_TO_32_BIT_CONVERSION = YES;
				GCC_WARN_ABOUT_RETURN_TYPE = YES_ERROR;
				GCC_WARN_UNDECLARED_SELECTOR = YES;
				GCC_WARN_UNINITIALIZED_AUTOS = YES_AGGRESSIVE;
				GCC_WARN_UNUSED_FUNCTION = YES;
				GCC_WARN_UNUSED_VARIABLE = YES;
				IPHONEOS_DEPLOYMENT_TARGET = 17.0;
				LOCALIZATION_PREFERS_STRING_CATALOGS = YES;
				MTL_ENABLE_DEBUG_INFO = INCLUDE_SOURCE;
				MTL_FAST_MATH = YES;
				ONLY_ACTIVE_ARCH = YES;
				SDKROOT = iphoneos;
				SWIFT_ACTIVE_COMPILATION_CONDITIONS = "DEBUG $(inherited)";
				SWIFT_OPTIMIZATION_LEVEL = "-Onone";
			};
			name = Debug;
		};
		50E72F192ADE8CDA0041CB79 /* Release */ = {
			isa = XCBuildConfiguration;
			buildSettings = {
				ALWAYS_SEARCH_USER_PATHS = NO;
				ASSETCATALOG_COMPILER_GENERATE_SWIFT_ASSET_SYMBOL_EXTENSIONS = YES;
				CLANG_ANALYZER_NONNULL = YES;
				CLANG_ANALYZER_NUMBER_OBJECT_CONVERSION = YES_AGGRESSIVE;
				CLANG_CXX_LANGUAGE_STANDARD = "gnu++20";
				CLANG_ENABLE_MODULES = YES;
				CLANG_ENABLE_OBJC_ARC = YES;
				CLANG_ENABLE_OBJC_WEAK = YES;
				CLANG_WARN_BLOCK_CAPTURE_AUTORELEASING = YES;
				CLANG_WARN_BOOL_CONVERSION = YES;
				CLANG_WARN_COMMA = YES;
				CLANG_WARN_CONSTANT_CONVERSION = YES;
				CLANG_WARN_DEPRECATED_OBJC_IMPLEMENTATIONS = YES;
				CLANG_WARN_DIRECT_OBJC_ISA_USAGE = YES_ERROR;
				CLANG_WARN_DOCUMENTATION_COMMENTS = YES;
				CLANG_WARN_EMPTY_BODY = YES;
				CLANG_WARN_ENUM_CONVERSION = YES;
				CLANG_WARN_INFINITE_RECURSION = YES;
				CLANG_WARN_INT_CONVERSION = YES;
				CLANG_WARN_NON_LITERAL_NULL_CONVERSION = YES;
				CLANG_WARN_OBJC_IMPLICIT_RETAIN_SELF = YES;
				CLANG_WARN_OBJC_LITERAL_CONVERSION = YES;
				CLANG_WARN_OBJC_ROOT_CLASS = YES_ERROR;
				CLANG_WARN_QUOTED_INCLUDE_IN_FRAMEWORK_HEADER = YES;
				CLANG_WARN_RANGE_LOOP_ANALYSIS = YES;
				CLANG_WARN_STRICT_PROTOTYPES = YES;
				CLANG_WARN_SUSPICIOUS_MOVE = YES;
				CLANG_WARN_UNGUARDED_AVAILABILITY = YES_AGGRESSIVE;
				CLANG_WARN_UNREACHABLE_CODE = YES;
				CLANG_WARN__DUPLICATE_METHOD_MATCH = YES;
				COPY_PHASE_STRIP = NO;
				DEBUG_INFORMATION_FORMAT = "dwarf-with-dsym";
				ENABLE_NS_ASSERTIONS = NO;
				ENABLE_STRICT_OBJC_MSGSEND = YES;
				ENABLE_USER_SCRIPT_SANDBOXING = YES;
				GCC_C_LANGUAGE_STANDARD = gnu17;
				GCC_NO_COMMON_BLOCKS = YES;
				GCC_WARN_64_TO_32_BIT_CONVERSION = YES;
				GCC_WARN_ABOUT_RETURN_TYPE = YES_ERROR;
				GCC_WARN_UNDECLARED_SELECTOR = YES;
				GCC_WARN_UNINITIALIZED_AUTOS = YES_AGGRESSIVE;
				GCC_WARN_UNUSED_FUNCTION = YES;
				GCC_WARN_UNUSED_VARIABLE = YES;
				IPHONEOS_DEPLOYMENT_TARGET = 17.0;
				LOCALIZATION_PREFERS_STRING_CATALOGS = YES;
				MTL_ENABLE_DEBUG_INFO = NO;
				MTL_FAST_MATH = YES;
				SDKROOT = iphoneos;
				SWIFT_COMPILATION_MODE = wholemodule;
				VALIDATE_PRODUCT = YES;
			};
			name = Release;
		};
		50E72F1B2ADE8CDA0041CB79 /* Debug */ = {
			isa = XCBuildConfiguration;
			buildSettings = {
				ASSETCATALOG_COMPILER_APPICON_NAME = AppIcon;
				ASSETCATALOG_COMPILER_GLOBAL_ACCENT_COLOR_NAME = AccentColor;
				CODE_SIGN_STYLE = Automatic;
				CURRENT_PROJECT_VERSION = 1;
				DEVELOPMENT_ASSET_PATHS = "\"NamaApp/Preview Content\"";
				ENABLE_PREVIEWS = YES;
				GENERATE_INFOPLIST_FILE = YES;
				INFOPLIST_KEY_UIApplicationSceneManifest_Generation = YES;
				INFOPLIST_KEY_UIApplicationSupportsIndirectInputEvents = YES;
				INFOPLIST_KEY_UILaunchScreen_Generation = YES;
				INFOPLIST_KEY_UISupportedInterfaceOrientations_iPad = "UIInterfaceOrientationPortrait UIInterfaceOrientationPortraitUpsideDown UIInterfaceOrientationLandscapeLeft UIInterfaceOrientationLandscapeRight";
				INFOPLIST_KEY_UISupportedInterfaceOrientations_iPhone = "UIInterfaceOrientationPortrait UIInterfaceOrientationLandscapeLeft UIInterfaceOrientationLandscapeRight";
				LD_RUNPATH_SEARCH_PATHS = (
					"$(inherited)",
					"@executable_path/Frameworks",
				);
				MARKETING_VERSION = 1.0;
				PRODUCT_BUNDLE_IDENTIFIER = ana.NamaApp;
				PRODUCT_NAME = "$(TARGET_NAME)";
				SWIFT_EMIT_LOC_STRINGS = YES;
				SWIFT_VERSION = 5.0;
				TARGETED_DEVICE_FAMILY = "1,2";
			};
			name = Debug;
		};
		50E72F1C2ADE8CDA0041CB79 /* Release */ = {
			isa = XCBuildConfiguration;
			buildSettings = {
				ASSETCATALOG_COMPILER_APPICON_NAME = AppIcon;
				ASSETCATALOG_COMPILER_GLOBAL_ACCENT_COLOR_NAME = AccentColor;
				CODE_SIGN_STYLE = Automatic;
				CURRENT_PROJECT_VERSION = 1;
				DEVELOPMENT_ASSET_PATHS = "\"NamaApp/Preview Content\"";
				ENABLE_PREVIEWS = YES;
				GENERATE_INFOPLIST_FILE = YES;
				INFOPLIST_KEY_UIApplicationSceneManifest_Generation = YES;
				INFOPLIST_KEY_UIApplicationSupportsIndirectInputEvents = YES;
				INFOPLIST_KEY_UILaunchScreen_Generation = YES;
				INFOPLIST_KEY_UISupportedInterfaceOrientations_iPad = "UIInterfaceOrientationPortrait UIInterfaceOrientationPortraitUpsideDown UIInterfaceOrientationLandscapeLeft UIInterfaceOrientationLandscapeRight";
				INFOPLIST_KEY_UISupportedInterfaceOrientations_iPhone = "UIInterfaceOrientationPortrait UIInterfaceOrientationLandscapeLeft UIInterfaceOrientationLandscapeRight";
				LD_RUNPATH_SEARCH_PATHS = (
					"$(inherited)",
					"@executable_path/Frameworks",
				);
				MARKETING_VERSION = 1.0;
				PRODUCT_BUNDLE_IDENTIFIER = ana.NamaApp;
				PRODUCT_NAME = "$(TARGET_NAME)";
				SWIFT_EMIT_LOC_STRINGS = YES;
				SWIFT_VERSION = 5.0;
				TARGETED_DEVICE_FAMILY = "1,2";
			};
			name = Release;
		};
/* End XCBuildConfiguration section */

/* Begin XCConfigurationList section */
		50E72F072ADE8CD90041CB79 /* Build configuration list for PBXProject "NamaApp" */ = {
			isa = XCConfigurationList;
			buildConfigurations = (
				50E72F182ADE8CDA0041CB79 /* Debug */,
				50E72F192ADE8CDA0041CB79 /* Release */,
			);
			defaultConfigurationIsVisible = 0;
			defaultConfigurationName = Release;
		};
		50E72F1A2ADE8CDA0041CB79 /* Build configuration list for PBXNativeTarget "NamaApp" */ = {
			isa = XCConfigurationList;
			buildConfigurations = (
				50E72F1B2ADE8CDA0041CB79 /* Debug */,
				50E72F1C2ADE8CDA0041CB79 /* Release */,
			);
			defaultConfigurationIsVisible = 0;
			defaultConfigurationName = Release;
		};
/* End XCConfigurationList section */
	};
	rootObject = 50E72F042ADE8CD90041CB79 /* Project object */;
}
